
Microsoft Visual Studio Solution File, Format Version 12.00
# Visual Studio 15
Project("{FAE04EC0-301F-11D3-BF4B-00C04F79EFBC}") = "Assembly-CSharp", "Assembly-CSharp.csproj", "{587CE315-CB2B-AC64-65FF-793F2D9601FA}"
EndProject
Project("{FAE04EC0-301F-11D3-BF4B-00C04F79EFBC}") = "Assembly-CSharp-Editor", "Assembly-CSharp-Editor.csproj", "{731153CF-D31E-CA2C-F37A-EF2A2BF18AFC}"
EndProject
Global
	GlobalSection(SolutionConfigurationPlatforms) = preSolution
		Debug|Any CPU = Debug|Any CPU
		Release|Any CPU = Release|Any CPU
	EndGlobalSection
	GlobalSection(ProjectConfigurationPlatforms) = postSolution
		{587CE315-CB2B-AC64-65FF-793F2D9601FA}.Debug|Any CPU.ActiveCfg = Debug|Any CPU
		{587CE315-CB2B-AC64-65FF-793F2D9601FA}.Debug|Any CPU.Build.0 = Debug|Any CPU
		{587CE315-CB2B-AC64-65FF-793F2D9601FA}.Release|Any CPU.ActiveCfg = Release|Any CPU
		{587CE315-CB2B-AC64-65FF-793F2D9601FA}.Release|Any CPU.Build.0 = Release|Any CPU
		{731153CF-D31E-CA2C-F37A-EF2A2BF18AFC}.Debug|Any CPU.ActiveCfg = Debug|Any CPU
		{731153CF-D31E-CA2C-F37A-EF2A2BF18AFC}.Debug|Any CPU.Build.0 = Debug|Any CPU
		{731153CF-D31E-CA2C-F37A-EF2A2BF18AFC}.Release|Any CPU.ActiveCfg = Release|Any CPU
		{731153CF-D31E-CA2C-F37A-EF2A2BF18AFC}.Release|Any CPU.Build.0 = Release|Any CPU
	EndGlobalSection
	GlobalSection(SolutionProperties) = preSolution
		HideSolutionNode = FALSE
	EndGlobalSection
EndGlobal
